
Microsoft Visual Studio Solution File, Format Version 12.00
# Visual Studio Version 16
VisualStudioVersion = 16.0.30011.22
MinimumVisualStudioVersion = 10.0.40219.1
Project("{FAE04EC0-301F-11D3-BF4B-00C04F79EFBC}") = "BulkyBook", "BulkyBook\BulkyBook.csproj", "{AEB40A85-AD9E-4E7F-AF88-BDD41CAEC1FE}"
EndProject
Global
	GlobalSection(SolutionConfigurationPlatforms) = preSolution
		Debug|Any CPU = Debug|Any CPU
		Release|Any CPU = Release|Any CPU
	EndGlobalSection
	GlobalSection(ProjectConfigurationPlatforms) = postSolution
		{AEB40A85-AD9E-4E7F-AF88-BDD41CAEC1FE}.Debug|Any CPU.ActiveCfg = Debug|Any CPU
		{AEB40A85-AD9E-4E7F-AF88-BDD41CAEC1FE}.Debug|Any CPU.Build.0 = Debug|Any CPU
		{AEB40A85-AD9E-4E7F-AF88-BDD41CAEC1FE}.Release|Any CPU.ActiveCfg = Release|Any CPU
		{AEB40A85-AD9E-4E7F-AF88-BDD41CAEC1FE}.Release|Any CPU.Build.0 = Release|Any CPU
	EndGlobalSection
	GlobalSection(SolutionProperties) = preSolution
		HideSolutionNode = FALSE
	EndGlobalSection
	GlobalSection(ExtensibilityGlobals) = postSolution
		SolutionGuid = {97260EFB-8162-40D8-B4CA-B064F7413000}
	EndGlobalSection
EndGlobal
