
Microsoft Visual Studio Solution File, Format Version 12.00
# Visual Studio Version 16
VisualStudioVersion = 16.0.30011.22
MinimumVisualStudioVersion = 10.0.40219.1
Project("{9A19103F-16F7-4668-BE54-9A1E7A4F7556}") = "BulkyBook", "BulkyBook\BulkyBook.csproj", "{AEB40A85-AD9E-4E7F-AF88-BDD41CAEC1FE}"
EndProject
Project("{FAE04EC0-301F-11D3-BF4B-00C04F79EFBC}") = "BulkyBook.DataAccess", "BulkyBook.DataAccess\BulkyBook.DataAccess.csproj", "{450123E5-0277-4C1B-86CC-37346ABD2C21}"
EndProject
Project("{FAE04EC0-301F-11D3-BF4B-00C04F79EFBC}") = "BulkyBook.Models", "BulkyBook.Models\BulkyBook.Models.csproj", "{74C6EC6A-D1E7-496D-A600-A04E31972946}"
EndProject
Project("{FAE04EC0-301F-11D3-BF4B-00C04F79EFBC}") = "BulkyBook.Utility", "BulkyBook.Utility\BulkyBook.Utility.csproj", "{3E23FBE9-8BF3-4F74-BB16-8BFCB8B4B252}"
EndProject
Global
	GlobalSection(SolutionConfigurationPlatforms) = preSolution
		Debug|Any CPU = Debug|Any CPU
		Release|Any CPU = Release|Any CPU
	EndGlobalSection
	GlobalSection(ProjectConfigurationPlatforms) = postSolution
		{AEB40A85-AD9E-4E7F-AF88-BDD41CAEC1FE}.Debug|Any CPU.ActiveCfg = Debug|Any CPU
		{AEB40A85-AD9E-4E7F-AF88-BDD41CAEC1FE}.Debug|Any CPU.Build.0 = Debug|Any CPU
		{AEB40A85-AD9E-4E7F-AF88-BDD41CAEC1FE}.Release|Any CPU.ActiveCfg = Release|Any CPU
		{AEB40A85-AD9E-4E7F-AF88-BDD41CAEC1FE}.Release|Any CPU.Build.0 = Release|Any CPU
		{450123E5-0277-4C1B-86CC-37346ABD2C21}.Debug|Any CPU.ActiveCfg = Debug|Any CPU
		{450123E5-0277-4C1B-86CC-37346ABD2C21}.Debug|Any CPU.Build.0 = Debug|Any CPU
		{450123E5-0277-4C1B-86CC-37346ABD2C21}.Release|Any CPU.ActiveCfg = Release|Any CPU
		{450123E5-0277-4C1B-86CC-37346ABD2C21}.Release|Any CPU.Build.0 = Release|Any CPU
		{74C6EC6A-D1E7-496D-A600-A04E31972946}.Debug|Any CPU.ActiveCfg = Debug|Any CPU
		{74C6EC6A-D1E7-496D-A600-A04E31972946}.Debug|Any CPU.Build.0 = Debug|Any CPU
		{74C6EC6A-D1E7-496D-A600-A04E31972946}.Release|Any CPU.ActiveCfg = Release|Any CPU
		{74C6EC6A-D1E7-496D-A600-A04E31972946}.Release|Any CPU.Build.0 = Release|Any CPU
		{3E23FBE9-8BF3-4F74-BB16-8BFCB8B4B252}.Debug|Any CPU.ActiveCfg = Debug|Any CPU
		{3E23FBE9-8BF3-4F74-BB16-8BFCB8B4B252}.Debug|Any CPU.Build.0 = Debug|Any CPU
		{3E23FBE9-8BF3-4F74-BB16-8BFCB8B4B252}.Release|Any CPU.ActiveCfg = Release|Any CPU
		{3E23FBE9-8BF3-4F74-BB16-8BFCB8B4B252}.Release|Any CPU.Build.0 = Release|Any CPU
	EndGlobalSection
	GlobalSection(SolutionProperties) = preSolution
		HideSolutionNode = FALSE
	EndGlobalSection
	GlobalSection(ExtensibilityGlobals) = postSolution
		SolutionGuid = {97260EFB-8162-40D8-B4CA-B064F7413000}
	EndGlobalSection
EndGlobal
